
Microsoft Visual Studio Solution File, Format Version 12.00
# Visual Studio Version 16
VisualStudioVersion = 16.0.31313.79
MinimumVisualStudioVersion = 10.0.40219.1
Project("{2150E333-8FDC-42A3-9474-1A3956D46DE8}") = "Day1", "Day1", "{41307ECC-0195-4B4B-B9D5-6977C439C273}"
	ProjectSection(SolutionItems) = preProject
		Tham chiếu và tham trị.txt = Tham chiếu và tham trị.txt
	EndProjectSection
EndProject
Project("{9A19103F-16F7-4668-BE54-9A1E7A4F7556}") = "HelloWorld", "HelloWorld\HelloWorld.csproj", "{C8446595-9BF1-4C26-BEC7-0272CA7FD577}"
EndProject
Project("{9A19103F-16F7-4668-BE54-9A1E7A4F7556}") = "Enums", "Enums\Enums.csproj", "{085A7F74-7531-4B0E-8EED-1355936FFEFB}"
EndProject
Project("{9A19103F-16F7-4668-BE54-9A1E7A4F7556}") = "Arrays", "Arrays\Arrays.csproj", "{9DAF628C-E711-426F-A641-5572471F58FE}"
EndProject
Project("{6EC3EE1D-3C4E-46DD-8F32-0CC8E7565705}") = "BaiTapHTML", "BaiTapHTML\BaiTapHTML.fsproj", "{F0F5C76F-1F96-455A-83C0-5D85F049C3F3}"
EndProject
Project("{9A19103F-16F7-4668-BE54-9A1E7A4F7556}") = "WorkWithFiles", "WorkWithFiles\WorkWithFiles.csproj", "{E53B7590-BD73-4D6A-AFDA-163A42258A2D}"
EndProject
Project("{9A19103F-16F7-4668-BE54-9A1E7A4F7556}") = "Shipping", "FactotyPartern\Shipping.csproj", "{C19FB65C-F8EF-4E60-A39F-9FC122ADC816}"
EndProject
Global
	GlobalSection(SolutionConfigurationPlatforms) = preSolution
		Debug|Any CPU = Debug|Any CPU
		Release|Any CPU = Release|Any CPU
	EndGlobalSection
	GlobalSection(ProjectConfigurationPlatforms) = postSolution
		{C8446595-9BF1-4C26-BEC7-0272CA7FD577}.Debug|Any CPU.ActiveCfg = Debug|Any CPU
		{C8446595-9BF1-4C26-BEC7-0272CA7FD577}.Debug|Any CPU.Build.0 = Debug|Any CPU
		{C8446595-9BF1-4C26-BEC7-0272CA7FD577}.Release|Any CPU.ActiveCfg = Release|Any CPU
		{C8446595-9BF1-4C26-BEC7-0272CA7FD577}.Release|Any CPU.Build.0 = Release|Any CPU
		{085A7F74-7531-4B0E-8EED-1355936FFEFB}.Debug|Any CPU.ActiveCfg = Debug|Any CPU
		{085A7F74-7531-4B0E-8EED-1355936FFEFB}.Debug|Any CPU.Build.0 = Debug|Any CPU
		{085A7F74-7531-4B0E-8EED-1355936FFEFB}.Release|Any CPU.ActiveCfg = Release|Any CPU
		{085A7F74-7531-4B0E-8EED-1355936FFEFB}.Release|Any CPU.Build.0 = Release|Any CPU
		{9DAF628C-E711-426F-A641-5572471F58FE}.Debug|Any CPU.ActiveCfg = Debug|Any CPU
		{9DAF628C-E711-426F-A641-5572471F58FE}.Debug|Any CPU.Build.0 = Debug|Any CPU
		{9DAF628C-E711-426F-A641-5572471F58FE}.Release|Any CPU.ActiveCfg = Release|Any CPU
		{9DAF628C-E711-426F-A641-5572471F58FE}.Release|Any CPU.Build.0 = Release|Any CPU
		{F0F5C76F-1F96-455A-83C0-5D85F049C3F3}.Debug|Any CPU.ActiveCfg = Debug|Any CPU
		{F0F5C76F-1F96-455A-83C0-5D85F049C3F3}.Debug|Any CPU.Build.0 = Debug|Any CPU
		{F0F5C76F-1F96-455A-83C0-5D85F049C3F3}.Release|Any CPU.ActiveCfg = Release|Any CPU
		{F0F5C76F-1F96-455A-83C0-5D85F049C3F3}.Release|Any CPU.Build.0 = Release|Any CPU
		{E53B7590-BD73-4D6A-AFDA-163A42258A2D}.Debug|Any CPU.ActiveCfg = Debug|Any CPU
		{E53B7590-BD73-4D6A-AFDA-163A42258A2D}.Debug|Any CPU.Build.0 = Debug|Any CPU
		{E53B7590-BD73-4D6A-AFDA-163A42258A2D}.Release|Any CPU.ActiveCfg = Release|Any CPU
		{E53B7590-BD73-4D6A-AFDA-163A42258A2D}.Release|Any CPU.Build.0 = Release|Any CPU
		{C19FB65C-F8EF-4E60-A39F-9FC122ADC816}.Debug|Any CPU.ActiveCfg = Debug|Any CPU
		{C19FB65C-F8EF-4E60-A39F-9FC122ADC816}.Debug|Any CPU.Build.0 = Debug|Any CPU
		{C19FB65C-F8EF-4E60-A39F-9FC122ADC816}.Release|Any CPU.ActiveCfg = Release|Any CPU
		{C19FB65C-F8EF-4E60-A39F-9FC122ADC816}.Release|Any CPU.Build.0 = Release|Any CPU
	EndGlobalSection
	GlobalSection(SolutionProperties) = preSolution
		HideSolutionNode = FALSE
	EndGlobalSection
	GlobalSection(NestedProjects) = preSolution
		{C8446595-9BF1-4C26-BEC7-0272CA7FD577} = {41307ECC-0195-4B4B-B9D5-6977C439C273}
		{085A7F74-7531-4B0E-8EED-1355936FFEFB} = {41307ECC-0195-4B4B-B9D5-6977C439C273}
		{9DAF628C-E711-426F-A641-5572471F58FE} = {41307ECC-0195-4B4B-B9D5-6977C439C273}
		{F0F5C76F-1F96-455A-83C0-5D85F049C3F3} = {41307ECC-0195-4B4B-B9D5-6977C439C273}
		{E53B7590-BD73-4D6A-AFDA-163A42258A2D} = {41307ECC-0195-4B4B-B9D5-6977C439C273}
		{C19FB65C-F8EF-4E60-A39F-9FC122ADC816} = {41307ECC-0195-4B4B-B9D5-6977C439C273}
	EndGlobalSection
	GlobalSection(ExtensibilityGlobals) = postSolution
		SolutionGuid = {B9A228B0-43AC-42C4-B8C3-E26118BA6E39}
	EndGlobalSection
EndGlobal
